
Microsoft Visual Studio Solution File, Format Version 12.00
# Visual Studio Version 17
VisualStudioVersion = 17.2.32630.192
MinimumVisualStudioVersion = 10.0.40219.1
Project("{FAE04EC0-301F-11D3-BF4B-00C04F79EFBC}") = "ThreadSample", "ThreadSample\ThreadSample.csproj", "{9C51FCCD-5DB7-453F-A6BA-D9310E099F87}"
EndProject
Global
	GlobalSection(SolutionConfigurationPlatforms) = preSolution
		Debug|Any CPU = Debug|Any CPU
		Release|Any CPU = Release|Any CPU
	EndGlobalSection
	GlobalSection(ProjectConfigurationPlatforms) = postSolution
		{9C51FCCD-5DB7-453F-A6BA-D9310E099F87}.Debug|Any CPU.ActiveCfg = Debug|Any CPU
		{9C51FCCD-5DB7-453F-A6BA-D9310E099F87}.Debug|Any CPU.Build.0 = Debug|Any CPU
		{9C51FCCD-5DB7-453F-A6BA-D9310E099F87}.Release|Any CPU.ActiveCfg = Release|Any CPU
		{9C51FCCD-5DB7-453F-A6BA-D9310E099F87}.Release|Any CPU.Build.0 = Release|Any CPU
	EndGlobalSection
	GlobalSection(SolutionProperties) = preSolution
		HideSolutionNode = FALSE
	EndGlobalSection
	GlobalSection(ExtensibilityGlobals) = postSolution
		SolutionGuid = {EF2DC40F-C2AD-45E3-94CA-6EB917EB7A17}
	EndGlobalSection
EndGlobal
